
Microsoft Visual Studio Solution File, Format Version 12.00
# Visual Studio 15
VisualStudioVersion = 15.0.27130.2027
MinimumVisualStudioVersion = 10.0.40219.1
Project("{FAE04EC0-301F-11D3-BF4B-00C04F79EFBC}") = "InfShow", "InfShow\InfShow.csproj", "{E3CD238D-9C80-4EAE-AF8F-28623484F26C}"
EndProject
Global
	GlobalSection(SolutionConfigurationPlatforms) = preSolution
		Debug|Any CPU = Debug|Any CPU
		Release|Any CPU = Release|Any CPU
	EndGlobalSection
	GlobalSection(ProjectConfigurationPlatforms) = postSolution
		{E3CD238D-9C80-4EAE-AF8F-28623484F26C}.Debug|Any CPU.ActiveCfg = Debug|Any CPU
		{E3CD238D-9C80-4EAE-AF8F-28623484F26C}.Debug|Any CPU.Build.0 = Debug|Any CPU
		{E3CD238D-9C80-4EAE-AF8F-28623484F26C}.Release|Any CPU.ActiveCfg = Release|Any CPU
		{E3CD238D-9C80-4EAE-AF8F-28623484F26C}.Release|Any CPU.Build.0 = Release|Any CPU
	EndGlobalSection
	GlobalSection(SolutionProperties) = preSolution
		HideSolutionNode = FALSE
	EndGlobalSection
	GlobalSection(ExtensibilityGlobals) = postSolution
		SolutionGuid = {EC440356-0E14-4E42-9966-5A38E9E1FD9B}
	EndGlobalSection
EndGlobal
